
Microsoft Visual Studio Solution File, Format Version 12.00
# Visual Studio Version 16
VisualStudioVersion = 16.0.31005.135
MinimumVisualStudioVersion = 10.0.40219.1
Project("{FAE04EC0-301F-11D3-BF4B-00C04F79EFBC}") = "DataMining_Lab_2", "DataMining_Lab_2\DataMining_Lab_2.csproj", "{78E27660-D7AC-48E1-A66B-2F7AD877A831}"
EndProject
Project("{FAE04EC0-301F-11D3-BF4B-00C04F79EFBC}") = "PictureViewer", "..\ApplicationProgrammingLanguages_Lab_1\PictureViewer\PictureViewer.csproj", "{294CC24E-5A78-4FFB-8C18-58CCE3060A33}"
EndProject
Global
	GlobalSection(SolutionConfigurationPlatforms) = preSolution
		Debug|Any CPU = Debug|Any CPU
		Release|Any CPU = Release|Any CPU
	EndGlobalSection
	GlobalSection(ProjectConfigurationPlatforms) = postSolution
		{78E27660-D7AC-48E1-A66B-2F7AD877A831}.Debug|Any CPU.ActiveCfg = Debug|Any CPU
		{78E27660-D7AC-48E1-A66B-2F7AD877A831}.Debug|Any CPU.Build.0 = Debug|Any CPU
		{78E27660-D7AC-48E1-A66B-2F7AD877A831}.Release|Any CPU.ActiveCfg = Release|Any CPU
		{78E27660-D7AC-48E1-A66B-2F7AD877A831}.Release|Any CPU.Build.0 = Release|Any CPU
		{294CC24E-5A78-4FFB-8C18-58CCE3060A33}.Debug|Any CPU.ActiveCfg = Debug|Any CPU
		{294CC24E-5A78-4FFB-8C18-58CCE3060A33}.Debug|Any CPU.Build.0 = Debug|Any CPU
		{294CC24E-5A78-4FFB-8C18-58CCE3060A33}.Release|Any CPU.ActiveCfg = Release|Any CPU
		{294CC24E-5A78-4FFB-8C18-58CCE3060A33}.Release|Any CPU.Build.0 = Release|Any CPU
	EndGlobalSection
	GlobalSection(SolutionProperties) = preSolution
		HideSolutionNode = FALSE
	EndGlobalSection
	GlobalSection(ExtensibilityGlobals) = postSolution
		SolutionGuid = {CF562804-C13E-4FF0-AE48-AEF17D9FA33A}
	EndGlobalSection
EndGlobal
